
Microsoft Visual Studio Solution File, Format Version 12.00
# Visual Studio Version 17
VisualStudioVersion = 17.0.31903.59
MinimumVisualStudioVersion = 10.0.40219.1
Project("{FAE04EC0-301F-11D3-BF4B-00C04F79EFBC}") = "Core", "Core\Core.csproj", "{162A54C9-F92C-4B59-95BC-959D3BBD609D}"
EndProject
Project("{FAE04EC0-301F-11D3-BF4B-00C04F79EFBC}") = "Infrastructure", "Infrastructure\Infrastructure.csproj", "{E39E447D-A725-4F33-9105-6F31CBF4F54F}"
EndProject
Project("{FAE04EC0-301F-11D3-BF4B-00C04F79EFBC}") = "Api", "Api\Api.csproj", "{B4DB9E65-9C9D-48EE-B97D-C77800034D25}"
EndProject
Global
	GlobalSection(SolutionConfigurationPlatforms) = preSolution
		Debug|Any CPU = Debug|Any CPU
		Release|Any CPU = Release|Any CPU
	EndGlobalSection
	GlobalSection(SolutionProperties) = preSolution
		HideSolutionNode = FALSE
	EndGlobalSection
	GlobalSection(ProjectConfigurationPlatforms) = postSolution
		{162A54C9-F92C-4B59-95BC-959D3BBD609D}.Debug|Any CPU.ActiveCfg = Debug|Any CPU
		{162A54C9-F92C-4B59-95BC-959D3BBD609D}.Debug|Any CPU.Build.0 = Debug|Any CPU
		{162A54C9-F92C-4B59-95BC-959D3BBD609D}.Release|Any CPU.ActiveCfg = Release|Any CPU
		{162A54C9-F92C-4B59-95BC-959D3BBD609D}.Release|Any CPU.Build.0 = Release|Any CPU
		{E39E447D-A725-4F33-9105-6F31CBF4F54F}.Debug|Any CPU.ActiveCfg = Debug|Any CPU
		{E39E447D-A725-4F33-9105-6F31CBF4F54F}.Debug|Any CPU.Build.0 = Debug|Any CPU
		{E39E447D-A725-4F33-9105-6F31CBF4F54F}.Release|Any CPU.ActiveCfg = Release|Any CPU
		{E39E447D-A725-4F33-9105-6F31CBF4F54F}.Release|Any CPU.Build.0 = Release|Any CPU
		{B4DB9E65-9C9D-48EE-B97D-C77800034D25}.Debug|Any CPU.ActiveCfg = Debug|Any CPU
		{B4DB9E65-9C9D-48EE-B97D-C77800034D25}.Debug|Any CPU.Build.0 = Debug|Any CPU
		{B4DB9E65-9C9D-48EE-B97D-C77800034D25}.Release|Any CPU.ActiveCfg = Release|Any CPU
		{B4DB9E65-9C9D-48EE-B97D-C77800034D25}.Release|Any CPU.Build.0 = Release|Any CPU
	EndGlobalSection
EndGlobal
